{
  "name": "pc-mon-server",
  "version": "1.0.0",
  "lockfileVersion": 1,
  "requires": true,
  "dependencies": {
    "consola": {
      "version": "2.11.0",
      "resolved": "https://registry.npmjs.org/consola/-/consola-2.11.0.tgz",
      "integrity": "sha512-2bcAqHastlPSCvZ+ur8bgHInGAWvUnysWz3h3xRX+/XZoCY7avolJJnVXOPGoVoyCcg1b231XixonoArmgxaoA=="
    },
    "nan": {
      "version": "2.14.0",
      "resolved": "https://registry.npmjs.org/nan/-/nan-2.14.0.tgz",
      "integrity": "sha512-INOFj37C7k3AfaNTtX8RhsTw7qRy7eLET14cROi9+5HAVbbHuIWUHEauBv5qT4Av2tWasiTY1Jw6puUNqRJXQg=="
    },
    "os-service": {
      "version": "git+https://github.com/lselden/node-os-service.git#ae2318619b2d931ec76c9accdd8a6a666d71c9eb",
      "from": "git+https://github.com/lselden/node-os-service.git",
      "requires": {
        "nan": "^2.13.2"
      }
    },
    "systeminformation": {
      "version": "4.16.0",
      "resolved": "https://registry.npmjs.org/systeminformation/-/systeminformation-4.16.0.tgz",
      "integrity": "sha512-1FjxPJSw7ad0zug+1YIQATj6Cn+wM5OBASEpjohEeOD2EGPIf0Cnhthd1L2O1YX+wKgOMuPldGfxYdo8yNHEIg=="
    },
    "ws": {
      "version": "7.2.1",
      "resolved": "https://registry.npmjs.org/ws/-/ws-7.2.1.tgz",
      "integrity": "sha512-sucePNSafamSKoOqoNfBd8V0StlkzJKL2ZAhGQinCfNQ+oacw+Pk7lcdAElecBF2VkLNZRiIb5Oi1Q5lVUVt2A=="
    }
  }
}
